
Microsoft Visual Studio Solution File, Format Version 12.00
# Visual Studio Version 17
VisualStudioVersion = 17.6.33829.357
MinimumVisualStudioVersion = 10.0.40219.1
Project("{2150E333-8FDC-42A3-9474-1A3956D46DE8}") = "N70", "N70", "{7548F10F-5F0E-47AB-A8C9-8D62EEE87F85}"
EndProject
Project("{9A19103F-16F7-4668-BE54-9A1E7A4F7556}") = "N70.Application", "N70.Application\N70.Application.csproj", "{40DBD95A-5E97-44B6-A168-32498D8E6E9C}"
EndProject
Project("{9A19103F-16F7-4668-BE54-9A1E7A4F7556}") = "N70.Domain", "N70.Domain\N70.Domain.csproj", "{423F6D39-7FA4-4BDF-B3C6-1C866DA83946}"
EndProject
Project("{9A19103F-16F7-4668-BE54-9A1E7A4F7556}") = "N70.Infrastructure", "N70.Infrastructure\N70.Infrastructure.csproj", "{22FAEB14-097B-4E47-B158-78EF663A8AD3}"
EndProject
Project("{9A19103F-16F7-4668-BE54-9A1E7A4F7556}") = "N70.Persistance", "N70.Persistance\N70.Persistance.csproj", "{D6B7F0D4-73AE-4FAE-ABA3-0D28FE1832A3}"
EndProject
Project("{9A19103F-16F7-4668-BE54-9A1E7A4F7556}") = "N70.Api", "N70.Api\N70.Api.csproj", "{E43BC003-7E6E-4180-B221-EAB6E5284FF3}"
EndProject
Project("{2150E333-8FDC-42A3-9474-1A3956D46DE8}") = "N71.src", "N71.src", "{282B540F-772C-411A-A986-911EA06D33A8}"
EndProject
Project("{9A19103F-16F7-4668-BE54-9A1E7A4F7556}") = "N71.Blog.Persistance", "N71.src\N71.Blog.Persistance\N71.Blog.Persistance.csproj", "{3185F81F-E40F-4527-8D40-D882FB36D93D}"
EndProject
Project("{9A19103F-16F7-4668-BE54-9A1E7A4F7556}") = "N71.Blog.Infrastructure", "N71.src\N71.Blog.Infrastructure\N71.Blog.Infrastructure.csproj", "{BE3DDB82-1C00-43AD-85ED-B4A9A3AB2518}"
EndProject
Project("{9A19103F-16F7-4668-BE54-9A1E7A4F7556}") = "N71.Blog.Domain", "N71.src\N71.Blog.Domain\N71.Blog.Domain.csproj", "{30C5CD4B-AB9D-4F3A-86AE-596FEE29E41E}"
EndProject
Project("{9A19103F-16F7-4668-BE54-9A1E7A4F7556}") = "N71.Blog.Application", "N71.src\N71.Blog.Application\N71.Blog.Application.csproj", "{C8875D4D-685F-4837-BE20-F6313DA42395}"
EndProject
Project("{9A19103F-16F7-4668-BE54-9A1E7A4F7556}") = "N71.Blog.Api", "N71.src\N71.Blog.Api\N71.Blog.Api.csproj", "{3556669E-6BCA-4523-A9B6-247D4E7F2486}"
EndProject
Project("{2150E333-8FDC-42A3-9474-1A3956D46DE8}") = "N73.src", "N73.src", "{3D22B966-C445-4ECF-B384-826A91F48153}"
EndProject
Project("{2150E333-8FDC-42A3-9474-1A3956D46DE8}") = "Sms", "Sms", "{0C4423C8-D66F-495D-B754-41C3ADFA6743}"
EndProject
Project("{2150E333-8FDC-42A3-9474-1A3956D46DE8}") = "Infrastructure", "Infrastructure", "{B16E1B0A-31AE-46AB-BECA-1D9E3C8C6665}"
EndProject
Project("{2150E333-8FDC-42A3-9474-1A3956D46DE8}") = "Email", "Email", "{F1CC0C6E-83F7-413C-B5AE-BC7AA9940671}"
EndProject
Project("{2150E333-8FDC-42A3-9474-1A3956D46DE8}") = "Infrasructure", "Infrasructure", "{BBD81029-D0D7-4E25-89EC-909A073E0F5E}"
EndProject
Project("{9A19103F-16F7-4668-BE54-9A1E7A4F7556}") = "Email.Infrastructure.Domain", "N73.src\Email\Infrastructure\Email.Infrastructure.Domain\Email.Infrastructure.Domain.csproj", "{8D9CD98A-F936-4FA5-9F5B-B2D62E9DD1B1}"
EndProject
Project("{2150E333-8FDC-42A3-9474-1A3956D46DE8}") = "Providers", "Providers", "{358D6101-2B05-4597-A68D-C25005B11FEB}"
EndProject
Project("{2150E333-8FDC-42A3-9474-1A3956D46DE8}") = "Infrastructure", "Infrastructure", "{F1E3DBA1-C04B-4D58-B317-2549763B42A9}"
EndProject
Project("{9A19103F-16F7-4668-BE54-9A1E7A4F7556}") = "Sms.Infrastructure.Infrastructure", "N73.src\Sms\Infrastructure\Sms.Infrastructure.Infrastructure\Sms.Infrastructure.Infrastructure.csproj", "{49C33D72-40CA-4162-B678-D5D3AC3E64CB}"
EndProject
Project("{9A19103F-16F7-4668-BE54-9A1E7A4F7556}") = "Sms.Infrastructure.Domain", "N73.src\Sms\Infrastructure\Sms.Infrastructure.Domain\Sms.Infrastructure.Domain.csproj", "{B4E1CA4E-3AEF-4B3E-AE08-DED862686D88}"
EndProject
Project("{9A19103F-16F7-4668-BE54-9A1E7A4F7556}") = "Sms.Infrastructure.Application", "N73.src\Sms\Infrastructure\Sms.Infrastructure.Application\Sms.Infrastructure.Application.csproj", "{CC4BAE24-57FA-4618-82C5-94FF21F08A70}"
EndProject
Project("{9A19103F-16F7-4668-BE54-9A1E7A4F7556}") = "Sms.Infrastructure.Api", "N73.src\Sms\Infrastructure\Sms.Infrastructure.Api\Sms.Infrastructure.Api.csproj", "{FBEDD865-CE77-4284-B289-1486C63F3F0F}"
EndProject
Project("{9A19103F-16F7-4668-BE54-9A1E7A4F7556}") = "Notification.Infrastructure.Persistance", "N73.src\Infrastructure\Notification.Infrastructure.Persistance\Notification.Infrastructure.Persistance.csproj", "{3ADC3574-031E-4A20-80A2-1DF414D037E6}"
	ProjectSection(ProjectDependencies) = postProject
		{F2635963-A7B0-48E5-B30B-88B9C3BA9AF4} = {F2635963-A7B0-48E5-B30B-88B9C3BA9AF4}
	EndProjectSection
EndProject
Project("{9A19103F-16F7-4668-BE54-9A1E7A4F7556}") = "Notification.Infrastructure.Infrastructure", "N73.src\Infrastructure\Notification.Infrastructure.Infrastructure\Notification.Infrastructure.Infrastructure.csproj", "{C3B6D244-EC8D-40A4-A60E-F45392F83480}"
EndProject
Project("{9A19103F-16F7-4668-BE54-9A1E7A4F7556}") = "Notification.Infrastructure.Domain", "N73.src\Infrastructure\Notification.Infrastructure.Domain\Notification.Infrastructure.Domain.csproj", "{F2635963-A7B0-48E5-B30B-88B9C3BA9AF4}"
EndProject
Project("{9A19103F-16F7-4668-BE54-9A1E7A4F7556}") = "Notification.Infrastructure.Api", "N73.src\Infrastructure\Notification.Infrastructure.Api\Notification.Infrastructure.Api.csproj", "{6F171A8F-0633-4655-AF79-06555567AED0}"
	ProjectSection(ProjectDependencies) = postProject
		{C3B6D244-EC8D-40A4-A60E-F45392F83480} = {C3B6D244-EC8D-40A4-A60E-F45392F83480}
	EndProjectSection
EndProject
Project("{9A19103F-16F7-4668-BE54-9A1E7A4F7556}") = "Notification.Infrastructure.Application", "N73.src\Infrastructure\Notification.Infrastructure.Application\Notification.Infrastructure.Application.csproj", "{4E148896-D397-47D3-AB2C-BB2A6943C31D}"
	ProjectSection(ProjectDependencies) = postProject
		{F2635963-A7B0-48E5-B30B-88B9C3BA9AF4} = {F2635963-A7B0-48E5-B30B-88B9C3BA9AF4}
	EndProjectSection
EndProject
Project("{2150E333-8FDC-42A3-9474-1A3956D46DE8}") = "N75.src", "N75.src", "{E8B31CC5-FC1A-4B99-A3B7-C6628AF9742E}"
EndProject
Project("{9A19103F-16F7-4668-BE54-9A1E7A4F7556}") = "N75.api", "N75.src\N75.api\N75.api.csproj", "{F775D413-5F2C-4E74-9522-8FD5B70D50FF}"
EndProject
Project("{2150E333-8FDC-42A3-9474-1A3956D46DE8}") = "N78.src", "N78.src", "{7C745153-5CA6-4F64-B22B-827320E9CC08}"
EndProject
Project("{2150E333-8FDC-42A3-9474-1A3956D46DE8}") = "Caching", "Caching", "{14B77559-3FC0-4C8D-83E4-E33202DDDE5D}"
EndProject
Project("{2150E333-8FDC-42A3-9474-1A3956D46DE8}") = "Infrastructure", "Infrastructure", "{13E3C104-C930-449F-B356-B09A791B7B3A}"
EndProject
Project("{9A19103F-16F7-4668-BE54-9A1E7A4F7556}") = "Caching.SimpleInfra.Infrastructure", "N78.src\Caching\Infrastructure\Caching.SimpleInfra.Infrastructure\Caching.SimpleInfra.Infrastructure.csproj", "{9E3D680E-4C2F-49B9-B71B-751785462434}"
EndProject
Project("{9A19103F-16F7-4668-BE54-9A1E7A4F7556}") = "Caching.SimpleInfra.Persistence", "N78.src\Caching\Infrastructure\Caching.SimpleInfra.Persistence\Caching.SimpleInfra.Persistence.csproj", "{48473F6C-45F7-44C3-9B1A-52F8AA039B5B}"
EndProject
Project("{9A19103F-16F7-4668-BE54-9A1E7A4F7556}") = "Caching.SimpleInfra.Domain", "N78.src\Caching\Infrastructure\Caching.SimpleInfra.Domain\Caching.SimpleInfra.Domain.csproj", "{EADF76E3-017B-4324-ADAE-A2AEF9058DA3}"
EndProject
Project("{9A19103F-16F7-4668-BE54-9A1E7A4F7556}") = "Caching.SimpleInfra.Application", "N78.src\Caching\Infrastructure\Caching.SimpleInfra.Application\Caching.SimpleInfra.Application.csproj", "{09E37B01-1B52-4A1C-AC13-7323595CFA53}"
EndProject
Project("{9A19103F-16F7-4668-BE54-9A1E7A4F7556}") = "Caching.SimpleInfra.Api", "N78.src\Caching\Infrastructure\Caching.SimpleInfra.Api\Caching.SimpleInfra.Api.csproj", "{AA48F651-0A5C-432A-9EA3-E7510C510BF7}"
EndProject
Project("{2150E333-8FDC-42A3-9474-1A3956D46DE8}") = "N76.src", "N76.src", "{1A4F2808-2821-44BB-82CE-D7F68319F290}"
EndProject
Project("{9A19103F-16F7-4668-BE54-9A1E7A4F7556}") = "N76-C.Api", "N76.src\N76-C.Api\N76-C.Api\N76-C.Api.csproj", "{86205B58-A569-407C-B3B7-48EBEB5DD92F}"
EndProject
Project("{2150E333-8FDC-42A3-9474-1A3956D46DE8}") = "N85.Queue", "N85.Queue", "{30FA66C6-AD8E-44A6-ADF5-F8CB9B765F7F}"
EndProject
Project("{9A19103F-16F7-4668-BE54-9A1E7A4F7556}") = "RabbitMQ.Sender", "N85.Queue\RabbitMQ\RabbitMQ.Sender\RabbitMQ.Sender.csproj", "{AE59FEF1-93B2-4DE9-A818-1A3950EFA3C3}"
EndProject
Project("{9A19103F-16F7-4668-BE54-9A1E7A4F7556}") = "RabbitMQ.Consumer", "RabbitMQ.Consumer\RabbitMQ.Consumer.csproj", "{9325F1F3-D71D-4D91-9A74-9C4E8A69535D}"
EndProject
Project("{2150E333-8FDC-42A3-9474-1A3956D46DE8}") = "N88", "N88", "{25CB36B4-16A7-4D9B-B5C6-742B070FAC4A}"
EndProject
Project("{9A19103F-16F7-4668-BE54-9A1E7A4F7556}") = "N88.Common", "N88\ConsoleApp1\N88.Common.csproj", "{372A49F4-00E7-4C98-ADEF-D62A0C3422C1}"
EndProject
Project("{9A19103F-16F7-4668-BE54-9A1E7A4F7556}") = "N88.Worker.Consumer", "N88\N88.Worker.Consumer\N88.Worker.Consumer.csproj", "{D8B230E1-3F5C-4502-9198-B4298A7483C5}"
EndProject
Project("{9A19103F-16F7-4668-BE54-9A1E7A4F7556}") = "N88.Worker.Producer", "N88\N88.Worker.Producer\N88.Worker.Producer.csproj", "{0F1C2EF3-E4A6-42F2-8B1F-F1AB77C5A09B}"
EndProject
Project("{9A19103F-16F7-4668-BE54-9A1E7A4F7556}") = "N88.Worker.Publisher", "N88\N88.Worker.Publisher\N88.Worker.Publisher.csproj", "{C8763293-0F45-4FA1-9209-6B718F49A66B}"
EndProject
Project("{9A19103F-16F7-4668-BE54-9A1E7A4F7556}") = "N88.Worker.Subscriber", "N88\N88.Worker.Subscriber\N88.Worker.Subscriber.csproj", "{29499990-3636-4F22-AC0C-5C828ECFD805}"
EndProject
Project("{2150E333-8FDC-42A3-9474-1A3956D46DE8}") = "N89", "N89", "{D22DFB21-C7A3-4641-8B34-307ADF6F1B0C}"
EndProject
Project("{9A19103F-16F7-4668-BE54-9A1E7A4F7556}") = "LocalIdentity.SimpleInfra.Infrastructure", "N89\LocalIdentity.SimpleInfra.Infrastructure\LocalIdentity.SimpleInfra.Infrastructure.csproj", "{490242DF-AB0A-428C-90BF-6FBB568DE500}"
EndProject
Project("{9A19103F-16F7-4668-BE54-9A1E7A4F7556}") = "LocalIdentity.SimpleInfra.Persistence", "N89\LocalIdentity.SimpleInfra.Persistence\LocalIdentity.SimpleInfra.Persistence.csproj", "{BD8871E7-594A-4342-9DC2-798A008D4BD0}"
EndProject
Project("{9A19103F-16F7-4668-BE54-9A1E7A4F7556}") = "LocalIdentity.SimpleInfra.Api", "N89\LocalIdentity.SimpleInfra.Api\LocalIdentity.SimpleInfra.Api.csproj", "{D458E6DE-61F7-4135-A23E-EC08C1FC797E}"
EndProject
Project("{9A19103F-16F7-4668-BE54-9A1E7A4F7556}") = "LocalIdentity.SimpleInfra.Domain", "N89\LocalIdentity.SimpleInfra.Domain\LocalIdentity.SimpleInfra.Domain.csproj", "{F419CB07-8916-4CE6-9D1B-2A0C18439586}"
EndProject
Project("{FAE04EC0-301F-11D3-BF4B-00C04F79EFBC}") = "LocalIdentity.SimpleInfra.Application", "N89\LocalIdentity.SimpleInfra.Application\LocalIdentity.SimpleInfra.Application.csproj", "{B7809BA6-B643-4CAB-8C24-BC59D014A820}"
EndProject
Global
	GlobalSection(SolutionConfigurationPlatforms) = preSolution
		Debug|Any CPU = Debug|Any CPU
		Release|Any CPU = Release|Any CPU
	EndGlobalSection
	GlobalSection(ProjectConfigurationPlatforms) = postSolution
		{40DBD95A-5E97-44B6-A168-32498D8E6E9C}.Debug|Any CPU.ActiveCfg = Debug|Any CPU
		{40DBD95A-5E97-44B6-A168-32498D8E6E9C}.Debug|Any CPU.Build.0 = Debug|Any CPU
		{40DBD95A-5E97-44B6-A168-32498D8E6E9C}.Release|Any CPU.ActiveCfg = Release|Any CPU
		{40DBD95A-5E97-44B6-A168-32498D8E6E9C}.Release|Any CPU.Build.0 = Release|Any CPU
		{423F6D39-7FA4-4BDF-B3C6-1C866DA83946}.Debug|Any CPU.ActiveCfg = Debug|Any CPU
		{423F6D39-7FA4-4BDF-B3C6-1C866DA83946}.Debug|Any CPU.Build.0 = Debug|Any CPU
		{423F6D39-7FA4-4BDF-B3C6-1C866DA83946}.Release|Any CPU.ActiveCfg = Release|Any CPU
		{423F6D39-7FA4-4BDF-B3C6-1C866DA83946}.Release|Any CPU.Build.0 = Release|Any CPU
		{22FAEB14-097B-4E47-B158-78EF663A8AD3}.Debug|Any CPU.ActiveCfg = Debug|Any CPU
		{22FAEB14-097B-4E47-B158-78EF663A8AD3}.Debug|Any CPU.Build.0 = Debug|Any CPU
		{22FAEB14-097B-4E47-B158-78EF663A8AD3}.Release|Any CPU.ActiveCfg = Release|Any CPU
		{22FAEB14-097B-4E47-B158-78EF663A8AD3}.Release|Any CPU.Build.0 = Release|Any CPU
		{D6B7F0D4-73AE-4FAE-ABA3-0D28FE1832A3}.Debug|Any CPU.ActiveCfg = Debug|Any CPU
		{D6B7F0D4-73AE-4FAE-ABA3-0D28FE1832A3}.Debug|Any CPU.Build.0 = Debug|Any CPU
		{D6B7F0D4-73AE-4FAE-ABA3-0D28FE1832A3}.Release|Any CPU.ActiveCfg = Release|Any CPU
		{D6B7F0D4-73AE-4FAE-ABA3-0D28FE1832A3}.Release|Any CPU.Build.0 = Release|Any CPU
		{E43BC003-7E6E-4180-B221-EAB6E5284FF3}.Debug|Any CPU.ActiveCfg = Debug|Any CPU
		{E43BC003-7E6E-4180-B221-EAB6E5284FF3}.Debug|Any CPU.Build.0 = Debug|Any CPU
		{E43BC003-7E6E-4180-B221-EAB6E5284FF3}.Release|Any CPU.ActiveCfg = Release|Any CPU
		{E43BC003-7E6E-4180-B221-EAB6E5284FF3}.Release|Any CPU.Build.0 = Release|Any CPU
		{3185F81F-E40F-4527-8D40-D882FB36D93D}.Debug|Any CPU.ActiveCfg = Debug|Any CPU
		{3185F81F-E40F-4527-8D40-D882FB36D93D}.Debug|Any CPU.Build.0 = Debug|Any CPU
		{3185F81F-E40F-4527-8D40-D882FB36D93D}.Release|Any CPU.ActiveCfg = Release|Any CPU
		{3185F81F-E40F-4527-8D40-D882FB36D93D}.Release|Any CPU.Build.0 = Release|Any CPU
		{BE3DDB82-1C00-43AD-85ED-B4A9A3AB2518}.Debug|Any CPU.ActiveCfg = Debug|Any CPU
		{BE3DDB82-1C00-43AD-85ED-B4A9A3AB2518}.Debug|Any CPU.Build.0 = Debug|Any CPU
		{BE3DDB82-1C00-43AD-85ED-B4A9A3AB2518}.Release|Any CPU.ActiveCfg = Release|Any CPU
		{BE3DDB82-1C00-43AD-85ED-B4A9A3AB2518}.Release|Any CPU.Build.0 = Release|Any CPU
		{30C5CD4B-AB9D-4F3A-86AE-596FEE29E41E}.Debug|Any CPU.ActiveCfg = Debug|Any CPU
		{30C5CD4B-AB9D-4F3A-86AE-596FEE29E41E}.Debug|Any CPU.Build.0 = Debug|Any CPU
		{30C5CD4B-AB9D-4F3A-86AE-596FEE29E41E}.Release|Any CPU.ActiveCfg = Release|Any CPU
		{30C5CD4B-AB9D-4F3A-86AE-596FEE29E41E}.Release|Any CPU.Build.0 = Release|Any CPU
		{C8875D4D-685F-4837-BE20-F6313DA42395}.Debug|Any CPU.ActiveCfg = Debug|Any CPU
		{C8875D4D-685F-4837-BE20-F6313DA42395}.Debug|Any CPU.Build.0 = Debug|Any CPU
		{C8875D4D-685F-4837-BE20-F6313DA42395}.Release|Any CPU.ActiveCfg = Release|Any CPU
		{C8875D4D-685F-4837-BE20-F6313DA42395}.Release|Any CPU.Build.0 = Release|Any CPU
		{3556669E-6BCA-4523-A9B6-247D4E7F2486}.Debug|Any CPU.ActiveCfg = Debug|Any CPU
		{3556669E-6BCA-4523-A9B6-247D4E7F2486}.Debug|Any CPU.Build.0 = Debug|Any CPU
		{3556669E-6BCA-4523-A9B6-247D4E7F2486}.Release|Any CPU.ActiveCfg = Release|Any CPU
		{3556669E-6BCA-4523-A9B6-247D4E7F2486}.Release|Any CPU.Build.0 = Release|Any CPU
		{8D9CD98A-F936-4FA5-9F5B-B2D62E9DD1B1}.Debug|Any CPU.ActiveCfg = Debug|Any CPU
		{8D9CD98A-F936-4FA5-9F5B-B2D62E9DD1B1}.Debug|Any CPU.Build.0 = Debug|Any CPU
		{8D9CD98A-F936-4FA5-9F5B-B2D62E9DD1B1}.Release|Any CPU.ActiveCfg = Release|Any CPU
		{8D9CD98A-F936-4FA5-9F5B-B2D62E9DD1B1}.Release|Any CPU.Build.0 = Release|Any CPU
		{49C33D72-40CA-4162-B678-D5D3AC3E64CB}.Debug|Any CPU.ActiveCfg = Debug|Any CPU
		{49C33D72-40CA-4162-B678-D5D3AC3E64CB}.Debug|Any CPU.Build.0 = Debug|Any CPU
		{49C33D72-40CA-4162-B678-D5D3AC3E64CB}.Release|Any CPU.ActiveCfg = Release|Any CPU
		{49C33D72-40CA-4162-B678-D5D3AC3E64CB}.Release|Any CPU.Build.0 = Release|Any CPU
		{B4E1CA4E-3AEF-4B3E-AE08-DED862686D88}.Debug|Any CPU.ActiveCfg = Debug|Any CPU
		{B4E1CA4E-3AEF-4B3E-AE08-DED862686D88}.Debug|Any CPU.Build.0 = Debug|Any CPU
		{B4E1CA4E-3AEF-4B3E-AE08-DED862686D88}.Release|Any CPU.ActiveCfg = Release|Any CPU
		{B4E1CA4E-3AEF-4B3E-AE08-DED862686D88}.Release|Any CPU.Build.0 = Release|Any CPU
		{CC4BAE24-57FA-4618-82C5-94FF21F08A70}.Debug|Any CPU.ActiveCfg = Debug|Any CPU
		{CC4BAE24-57FA-4618-82C5-94FF21F08A70}.Debug|Any CPU.Build.0 = Debug|Any CPU
		{CC4BAE24-57FA-4618-82C5-94FF21F08A70}.Release|Any CPU.ActiveCfg = Release|Any CPU
		{CC4BAE24-57FA-4618-82C5-94FF21F08A70}.Release|Any CPU.Build.0 = Release|Any CPU
		{FBEDD865-CE77-4284-B289-1486C63F3F0F}.Debug|Any CPU.ActiveCfg = Debug|Any CPU
		{FBEDD865-CE77-4284-B289-1486C63F3F0F}.Debug|Any CPU.Build.0 = Debug|Any CPU
		{FBEDD865-CE77-4284-B289-1486C63F3F0F}.Release|Any CPU.ActiveCfg = Release|Any CPU
		{FBEDD865-CE77-4284-B289-1486C63F3F0F}.Release|Any CPU.Build.0 = Release|Any CPU
		{3ADC3574-031E-4A20-80A2-1DF414D037E6}.Debug|Any CPU.ActiveCfg = Debug|Any CPU
		{3ADC3574-031E-4A20-80A2-1DF414D037E6}.Debug|Any CPU.Build.0 = Debug|Any CPU
		{3ADC3574-031E-4A20-80A2-1DF414D037E6}.Release|Any CPU.ActiveCfg = Release|Any CPU
		{3ADC3574-031E-4A20-80A2-1DF414D037E6}.Release|Any CPU.Build.0 = Release|Any CPU
		{C3B6D244-EC8D-40A4-A60E-F45392F83480}.Debug|Any CPU.ActiveCfg = Debug|Any CPU
		{C3B6D244-EC8D-40A4-A60E-F45392F83480}.Debug|Any CPU.Build.0 = Debug|Any CPU
		{C3B6D244-EC8D-40A4-A60E-F45392F83480}.Release|Any CPU.ActiveCfg = Release|Any CPU
		{C3B6D244-EC8D-40A4-A60E-F45392F83480}.Release|Any CPU.Build.0 = Release|Any CPU
		{F2635963-A7B0-48E5-B30B-88B9C3BA9AF4}.Debug|Any CPU.ActiveCfg = Debug|Any CPU
		{F2635963-A7B0-48E5-B30B-88B9C3BA9AF4}.Debug|Any CPU.Build.0 = Debug|Any CPU
		{F2635963-A7B0-48E5-B30B-88B9C3BA9AF4}.Release|Any CPU.ActiveCfg = Release|Any CPU
		{F2635963-A7B0-48E5-B30B-88B9C3BA9AF4}.Release|Any CPU.Build.0 = Release|Any CPU
		{6F171A8F-0633-4655-AF79-06555567AED0}.Debug|Any CPU.ActiveCfg = Debug|Any CPU
		{6F171A8F-0633-4655-AF79-06555567AED0}.Debug|Any CPU.Build.0 = Debug|Any CPU
		{6F171A8F-0633-4655-AF79-06555567AED0}.Release|Any CPU.ActiveCfg = Release|Any CPU
		{6F171A8F-0633-4655-AF79-06555567AED0}.Release|Any CPU.Build.0 = Release|Any CPU
		{4E148896-D397-47D3-AB2C-BB2A6943C31D}.Debug|Any CPU.ActiveCfg = Debug|Any CPU
		{4E148896-D397-47D3-AB2C-BB2A6943C31D}.Debug|Any CPU.Build.0 = Debug|Any CPU
		{4E148896-D397-47D3-AB2C-BB2A6943C31D}.Release|Any CPU.ActiveCfg = Release|Any CPU
		{4E148896-D397-47D3-AB2C-BB2A6943C31D}.Release|Any CPU.Build.0 = Release|Any CPU
		{F775D413-5F2C-4E74-9522-8FD5B70D50FF}.Debug|Any CPU.ActiveCfg = Debug|Any CPU
		{F775D413-5F2C-4E74-9522-8FD5B70D50FF}.Debug|Any CPU.Build.0 = Debug|Any CPU
		{F775D413-5F2C-4E74-9522-8FD5B70D50FF}.Release|Any CPU.ActiveCfg = Release|Any CPU
		{F775D413-5F2C-4E74-9522-8FD5B70D50FF}.Release|Any CPU.Build.0 = Release|Any CPU
		{9E3D680E-4C2F-49B9-B71B-751785462434}.Debug|Any CPU.ActiveCfg = Debug|Any CPU
		{9E3D680E-4C2F-49B9-B71B-751785462434}.Debug|Any CPU.Build.0 = Debug|Any CPU
		{9E3D680E-4C2F-49B9-B71B-751785462434}.Release|Any CPU.ActiveCfg = Release|Any CPU
		{9E3D680E-4C2F-49B9-B71B-751785462434}.Release|Any CPU.Build.0 = Release|Any CPU
		{48473F6C-45F7-44C3-9B1A-52F8AA039B5B}.Debug|Any CPU.ActiveCfg = Debug|Any CPU
		{48473F6C-45F7-44C3-9B1A-52F8AA039B5B}.Debug|Any CPU.Build.0 = Debug|Any CPU
		{48473F6C-45F7-44C3-9B1A-52F8AA039B5B}.Release|Any CPU.ActiveCfg = Release|Any CPU
		{48473F6C-45F7-44C3-9B1A-52F8AA039B5B}.Release|Any CPU.Build.0 = Release|Any CPU
		{EADF76E3-017B-4324-ADAE-A2AEF9058DA3}.Debug|Any CPU.ActiveCfg = Debug|Any CPU
		{EADF76E3-017B-4324-ADAE-A2AEF9058DA3}.Debug|Any CPU.Build.0 = Debug|Any CPU
		{EADF76E3-017B-4324-ADAE-A2AEF9058DA3}.Release|Any CPU.ActiveCfg = Release|Any CPU
		{EADF76E3-017B-4324-ADAE-A2AEF9058DA3}.Release|Any CPU.Build.0 = Release|Any CPU
		{09E37B01-1B52-4A1C-AC13-7323595CFA53}.Debug|Any CPU.ActiveCfg = Debug|Any CPU
		{09E37B01-1B52-4A1C-AC13-7323595CFA53}.Debug|Any CPU.Build.0 = Debug|Any CPU
		{09E37B01-1B52-4A1C-AC13-7323595CFA53}.Release|Any CPU.ActiveCfg = Release|Any CPU
		{09E37B01-1B52-4A1C-AC13-7323595CFA53}.Release|Any CPU.Build.0 = Release|Any CPU
		{AA48F651-0A5C-432A-9EA3-E7510C510BF7}.Debug|Any CPU.ActiveCfg = Debug|Any CPU
		{AA48F651-0A5C-432A-9EA3-E7510C510BF7}.Debug|Any CPU.Build.0 = Debug|Any CPU
		{AA48F651-0A5C-432A-9EA3-E7510C510BF7}.Release|Any CPU.ActiveCfg = Release|Any CPU
		{AA48F651-0A5C-432A-9EA3-E7510C510BF7}.Release|Any CPU.Build.0 = Release|Any CPU
		{86205B58-A569-407C-B3B7-48EBEB5DD92F}.Debug|Any CPU.ActiveCfg = Debug|Any CPU
		{86205B58-A569-407C-B3B7-48EBEB5DD92F}.Debug|Any CPU.Build.0 = Debug|Any CPU
		{86205B58-A569-407C-B3B7-48EBEB5DD92F}.Release|Any CPU.ActiveCfg = Release|Any CPU
		{86205B58-A569-407C-B3B7-48EBEB5DD92F}.Release|Any CPU.Build.0 = Release|Any CPU
		{AE59FEF1-93B2-4DE9-A818-1A3950EFA3C3}.Debug|Any CPU.ActiveCfg = Debug|Any CPU
		{AE59FEF1-93B2-4DE9-A818-1A3950EFA3C3}.Debug|Any CPU.Build.0 = Debug|Any CPU
		{AE59FEF1-93B2-4DE9-A818-1A3950EFA3C3}.Release|Any CPU.ActiveCfg = Release|Any CPU
		{AE59FEF1-93B2-4DE9-A818-1A3950EFA3C3}.Release|Any CPU.Build.0 = Release|Any CPU
		{9325F1F3-D71D-4D91-9A74-9C4E8A69535D}.Debug|Any CPU.ActiveCfg = Debug|Any CPU
		{9325F1F3-D71D-4D91-9A74-9C4E8A69535D}.Debug|Any CPU.Build.0 = Debug|Any CPU
		{9325F1F3-D71D-4D91-9A74-9C4E8A69535D}.Release|Any CPU.ActiveCfg = Release|Any CPU
		{9325F1F3-D71D-4D91-9A74-9C4E8A69535D}.Release|Any CPU.Build.0 = Release|Any CPU
		{372A49F4-00E7-4C98-ADEF-D62A0C3422C1}.Debug|Any CPU.ActiveCfg = Debug|Any CPU
		{372A49F4-00E7-4C98-ADEF-D62A0C3422C1}.Debug|Any CPU.Build.0 = Debug|Any CPU
		{372A49F4-00E7-4C98-ADEF-D62A0C3422C1}.Release|Any CPU.ActiveCfg = Release|Any CPU
		{372A49F4-00E7-4C98-ADEF-D62A0C3422C1}.Release|Any CPU.Build.0 = Release|Any CPU
		{D8B230E1-3F5C-4502-9198-B4298A7483C5}.Debug|Any CPU.ActiveCfg = Debug|Any CPU
		{D8B230E1-3F5C-4502-9198-B4298A7483C5}.Debug|Any CPU.Build.0 = Debug|Any CPU
		{D8B230E1-3F5C-4502-9198-B4298A7483C5}.Release|Any CPU.ActiveCfg = Release|Any CPU
		{D8B230E1-3F5C-4502-9198-B4298A7483C5}.Release|Any CPU.Build.0 = Release|Any CPU
		{0F1C2EF3-E4A6-42F2-8B1F-F1AB77C5A09B}.Debug|Any CPU.ActiveCfg = Debug|Any CPU
		{0F1C2EF3-E4A6-42F2-8B1F-F1AB77C5A09B}.Debug|Any CPU.Build.0 = Debug|Any CPU
		{0F1C2EF3-E4A6-42F2-8B1F-F1AB77C5A09B}.Release|Any CPU.ActiveCfg = Release|Any CPU
		{0F1C2EF3-E4A6-42F2-8B1F-F1AB77C5A09B}.Release|Any CPU.Build.0 = Release|Any CPU
		{C8763293-0F45-4FA1-9209-6B718F49A66B}.Debug|Any CPU.ActiveCfg = Debug|Any CPU
		{C8763293-0F45-4FA1-9209-6B718F49A66B}.Debug|Any CPU.Build.0 = Debug|Any CPU
		{C8763293-0F45-4FA1-9209-6B718F49A66B}.Release|Any CPU.ActiveCfg = Release|Any CPU
		{C8763293-0F45-4FA1-9209-6B718F49A66B}.Release|Any CPU.Build.0 = Release|Any CPU
		{29499990-3636-4F22-AC0C-5C828ECFD805}.Debug|Any CPU.ActiveCfg = Debug|Any CPU
		{29499990-3636-4F22-AC0C-5C828ECFD805}.Debug|Any CPU.Build.0 = Debug|Any CPU
		{29499990-3636-4F22-AC0C-5C828ECFD805}.Release|Any CPU.ActiveCfg = Release|Any CPU
		{29499990-3636-4F22-AC0C-5C828ECFD805}.Release|Any CPU.Build.0 = Release|Any CPU
		{490242DF-AB0A-428C-90BF-6FBB568DE500}.Debug|Any CPU.ActiveCfg = Debug|Any CPU
		{490242DF-AB0A-428C-90BF-6FBB568DE500}.Debug|Any CPU.Build.0 = Debug|Any CPU
		{490242DF-AB0A-428C-90BF-6FBB568DE500}.Release|Any CPU.ActiveCfg = Release|Any CPU
		{490242DF-AB0A-428C-90BF-6FBB568DE500}.Release|Any CPU.Build.0 = Release|Any CPU
		{BD8871E7-594A-4342-9DC2-798A008D4BD0}.Debug|Any CPU.ActiveCfg = Debug|Any CPU
		{BD8871E7-594A-4342-9DC2-798A008D4BD0}.Debug|Any CPU.Build.0 = Debug|Any CPU
		{BD8871E7-594A-4342-9DC2-798A008D4BD0}.Release|Any CPU.ActiveCfg = Release|Any CPU
		{BD8871E7-594A-4342-9DC2-798A008D4BD0}.Release|Any CPU.Build.0 = Release|Any CPU
		{D458E6DE-61F7-4135-A23E-EC08C1FC797E}.Debug|Any CPU.ActiveCfg = Debug|Any CPU
		{D458E6DE-61F7-4135-A23E-EC08C1FC797E}.Debug|Any CPU.Build.0 = Debug|Any CPU
		{D458E6DE-61F7-4135-A23E-EC08C1FC797E}.Release|Any CPU.ActiveCfg = Release|Any CPU
		{D458E6DE-61F7-4135-A23E-EC08C1FC797E}.Release|Any CPU.Build.0 = Release|Any CPU
		{F419CB07-8916-4CE6-9D1B-2A0C18439586}.Debug|Any CPU.ActiveCfg = Debug|Any CPU
		{F419CB07-8916-4CE6-9D1B-2A0C18439586}.Debug|Any CPU.Build.0 = Debug|Any CPU
		{F419CB07-8916-4CE6-9D1B-2A0C18439586}.Release|Any CPU.ActiveCfg = Release|Any CPU
		{F419CB07-8916-4CE6-9D1B-2A0C18439586}.Release|Any CPU.Build.0 = Release|Any CPU
		{B7809BA6-B643-4CAB-8C24-BC59D014A820}.Debug|Any CPU.ActiveCfg = Debug|Any CPU
		{B7809BA6-B643-4CAB-8C24-BC59D014A820}.Debug|Any CPU.Build.0 = Debug|Any CPU
		{B7809BA6-B643-4CAB-8C24-BC59D014A820}.Release|Any CPU.ActiveCfg = Release|Any CPU
		{B7809BA6-B643-4CAB-8C24-BC59D014A820}.Release|Any CPU.Build.0 = Release|Any CPU
	EndGlobalSection
	GlobalSection(SolutionProperties) = preSolution
		HideSolutionNode = FALSE
	EndGlobalSection
	GlobalSection(NestedProjects) = preSolution
		{40DBD95A-5E97-44B6-A168-32498D8E6E9C} = {7548F10F-5F0E-47AB-A8C9-8D62EEE87F85}
		{423F6D39-7FA4-4BDF-B3C6-1C866DA83946} = {7548F10F-5F0E-47AB-A8C9-8D62EEE87F85}
		{22FAEB14-097B-4E47-B158-78EF663A8AD3} = {7548F10F-5F0E-47AB-A8C9-8D62EEE87F85}
		{D6B7F0D4-73AE-4FAE-ABA3-0D28FE1832A3} = {7548F10F-5F0E-47AB-A8C9-8D62EEE87F85}
		{E43BC003-7E6E-4180-B221-EAB6E5284FF3} = {7548F10F-5F0E-47AB-A8C9-8D62EEE87F85}
		{3185F81F-E40F-4527-8D40-D882FB36D93D} = {282B540F-772C-411A-A986-911EA06D33A8}
		{BE3DDB82-1C00-43AD-85ED-B4A9A3AB2518} = {282B540F-772C-411A-A986-911EA06D33A8}
		{30C5CD4B-AB9D-4F3A-86AE-596FEE29E41E} = {282B540F-772C-411A-A986-911EA06D33A8}
		{C8875D4D-685F-4837-BE20-F6313DA42395} = {282B540F-772C-411A-A986-911EA06D33A8}
		{3556669E-6BCA-4523-A9B6-247D4E7F2486} = {282B540F-772C-411A-A986-911EA06D33A8}
		{0C4423C8-D66F-495D-B754-41C3ADFA6743} = {3D22B966-C445-4ECF-B384-826A91F48153}
		{B16E1B0A-31AE-46AB-BECA-1D9E3C8C6665} = {3D22B966-C445-4ECF-B384-826A91F48153}
		{F1CC0C6E-83F7-413C-B5AE-BC7AA9940671} = {3D22B966-C445-4ECF-B384-826A91F48153}
		{BBD81029-D0D7-4E25-89EC-909A073E0F5E} = {F1CC0C6E-83F7-413C-B5AE-BC7AA9940671}
		{8D9CD98A-F936-4FA5-9F5B-B2D62E9DD1B1} = {BBD81029-D0D7-4E25-89EC-909A073E0F5E}
		{358D6101-2B05-4597-A68D-C25005B11FEB} = {F1CC0C6E-83F7-413C-B5AE-BC7AA9940671}
		{F1E3DBA1-C04B-4D58-B317-2549763B42A9} = {0C4423C8-D66F-495D-B754-41C3ADFA6743}
		{49C33D72-40CA-4162-B678-D5D3AC3E64CB} = {F1E3DBA1-C04B-4D58-B317-2549763B42A9}
		{B4E1CA4E-3AEF-4B3E-AE08-DED862686D88} = {F1E3DBA1-C04B-4D58-B317-2549763B42A9}
		{CC4BAE24-57FA-4618-82C5-94FF21F08A70} = {F1E3DBA1-C04B-4D58-B317-2549763B42A9}
		{FBEDD865-CE77-4284-B289-1486C63F3F0F} = {F1E3DBA1-C04B-4D58-B317-2549763B42A9}
		{3ADC3574-031E-4A20-80A2-1DF414D037E6} = {B16E1B0A-31AE-46AB-BECA-1D9E3C8C6665}
		{C3B6D244-EC8D-40A4-A60E-F45392F83480} = {B16E1B0A-31AE-46AB-BECA-1D9E3C8C6665}
		{F2635963-A7B0-48E5-B30B-88B9C3BA9AF4} = {B16E1B0A-31AE-46AB-BECA-1D9E3C8C6665}
		{6F171A8F-0633-4655-AF79-06555567AED0} = {B16E1B0A-31AE-46AB-BECA-1D9E3C8C6665}
		{4E148896-D397-47D3-AB2C-BB2A6943C31D} = {B16E1B0A-31AE-46AB-BECA-1D9E3C8C6665}
		{F775D413-5F2C-4E74-9522-8FD5B70D50FF} = {E8B31CC5-FC1A-4B99-A3B7-C6628AF9742E}
		{14B77559-3FC0-4C8D-83E4-E33202DDDE5D} = {7C745153-5CA6-4F64-B22B-827320E9CC08}
		{13E3C104-C930-449F-B356-B09A791B7B3A} = {14B77559-3FC0-4C8D-83E4-E33202DDDE5D}
		{9E3D680E-4C2F-49B9-B71B-751785462434} = {13E3C104-C930-449F-B356-B09A791B7B3A}
		{48473F6C-45F7-44C3-9B1A-52F8AA039B5B} = {13E3C104-C930-449F-B356-B09A791B7B3A}
		{EADF76E3-017B-4324-ADAE-A2AEF9058DA3} = {13E3C104-C930-449F-B356-B09A791B7B3A}
		{09E37B01-1B52-4A1C-AC13-7323595CFA53} = {13E3C104-C930-449F-B356-B09A791B7B3A}
		{AA48F651-0A5C-432A-9EA3-E7510C510BF7} = {13E3C104-C930-449F-B356-B09A791B7B3A}
		{86205B58-A569-407C-B3B7-48EBEB5DD92F} = {1A4F2808-2821-44BB-82CE-D7F68319F290}
		{AE59FEF1-93B2-4DE9-A818-1A3950EFA3C3} = {30FA66C6-AD8E-44A6-ADF5-F8CB9B765F7F}
		{9325F1F3-D71D-4D91-9A74-9C4E8A69535D} = {30FA66C6-AD8E-44A6-ADF5-F8CB9B765F7F}
		{372A49F4-00E7-4C98-ADEF-D62A0C3422C1} = {25CB36B4-16A7-4D9B-B5C6-742B070FAC4A}
		{D8B230E1-3F5C-4502-9198-B4298A7483C5} = {25CB36B4-16A7-4D9B-B5C6-742B070FAC4A}
		{0F1C2EF3-E4A6-42F2-8B1F-F1AB77C5A09B} = {25CB36B4-16A7-4D9B-B5C6-742B070FAC4A}
		{C8763293-0F45-4FA1-9209-6B718F49A66B} = {25CB36B4-16A7-4D9B-B5C6-742B070FAC4A}
		{29499990-3636-4F22-AC0C-5C828ECFD805} = {25CB36B4-16A7-4D9B-B5C6-742B070FAC4A}
		{490242DF-AB0A-428C-90BF-6FBB568DE500} = {D22DFB21-C7A3-4641-8B34-307ADF6F1B0C}
		{BD8871E7-594A-4342-9DC2-798A008D4BD0} = {D22DFB21-C7A3-4641-8B34-307ADF6F1B0C}
		{D458E6DE-61F7-4135-A23E-EC08C1FC797E} = {D22DFB21-C7A3-4641-8B34-307ADF6F1B0C}
		{F419CB07-8916-4CE6-9D1B-2A0C18439586} = {D22DFB21-C7A3-4641-8B34-307ADF6F1B0C}
		{B7809BA6-B643-4CAB-8C24-BC59D014A820} = {D22DFB21-C7A3-4641-8B34-307ADF6F1B0C}
	EndGlobalSection
	GlobalSection(ExtensibilityGlobals) = postSolution
		SolutionGuid = {D9EE2BBA-9297-414D-8D21-BB850949FC0E}
	EndGlobalSection
EndGlobal
